{
  "name": "pokedex",
  "version": "1.0.0",
  "lockfileVersion": 3,
  "requires": true,
  "packages": {
    "": {
      "name": "pokedex",
      "version": "1.0.0",
      "license": "ISC",
      "dependencies": {
        "pokeapi-typescript": "^3.0.3"
      },
      "devDependencies": {
        "typescript": "^5.9.3"
      }
    },
    "node_modules/@discordjs/collection": {
      "version": "2.1.1",
      "resolved": "https://registry.npmjs.org/@discordjs/collection/-/collection-2.1.1.tgz",
      "integrity": "sha512-LiSusze9Tc7qF03sLCujF5iZp7K+vRNEDBZ86FT9aQAv3vxMLihUvKvpsCWiQ2DJq1tVckopKm1rxomgNUc9hg==",
      "license": "Apache-2.0",
      "engines": {
        "node": ">=18"
      },
      "funding": {
        "url": "https://github.com/discordjs/discord.js?sponsor"
      }
    },
    "node_modules/pokeapi-typescript": {
      "version": "3.0.3",
      "resolved": "https://registry.npmjs.org/pokeapi-typescript/-/pokeapi-typescript-3.0.3.tgz",
      "integrity": "sha512-K2NhOuE/G56edhaLc3CYDmHOCyWbRen73OBfbe0a9yVhdjxYxI06HMx9C2GO/T43akqa/hokZ3fy/vOshixHtw==",
      "license": "MIT",
      "dependencies": {
        "@discordjs/collection": "^2.1.1",
        "pokeapi-typescript": "^3.0.0"
      }
    },
    "node_modules/typescript": {
      "version": "5.9.3",
      "resolved": "https://registry.npmjs.org/typescript/-/typescript-5.9.3.tgz",
      "integrity": "sha512-jl1vZzPDinLr9eUt3J/t7V6FgNEw9QjvBPdysz9KfQDD41fQrC2Y4vKQdiaUpFT4bXlb1RHhLpp8wtm6M5TgSw==",
      "dev": true,
      "license": "Apache-2.0",
      "bin": {
        "tsc": "bin/tsc",
        "tsserver": "bin/tsserver"
      },
      "engines": {
        "node": ">=14.17"
      }
    }
  }
}
